{
    "requires": true,
    "lockfileVersion": 1,
    "dependencies": {
        "font-awesome": {
            "version": "4.7.0",
            "resolved": "https://registry.npmjs.org/font-awesome/-/font-awesome-4.7.0.tgz",
            "integrity": "sha512-U6kGnykA/6bFmg1M/oT9EkFeIYv7JlX3bozwQJWiiLz6L0w3F5vBVPxHlwyX/vtNq1ckcpRKOB9f2Qal/VtFpg=="
        },
        "gritter": {
            "version": "1.7.4",
            "resolved": "https://registry.npmjs.org/gritter/-/gritter-1.7.4.tgz",
            "integrity": "sha512-yqCTsfCSqi2fsajkuTWomqt6sOr78sAbUWrdb0E6I2QmFJoVVHT/I0JyTBhVmCWBBF46cDZqKg/K9rP2NUNKng=="
        },
        "highcharts": {
            "version": "10.2.1",
            "resolved": "https://registry.npmjs.org/highcharts/-/highcharts-10.2.1.tgz",
            "integrity": "sha512-4QwLQwWc0XdBHXc2Uy6IJisAUir+sgQIMyFqYZc3BD9iFSFUdllLkRyoed6y33aPb73LAMZE2qLB5SuLqFE/fg=="
        },
        "ladda": {
            "version": "2.0.3",
            "resolved": "https://registry.npmjs.org/ladda/-/ladda-2.0.3.tgz",
            "integrity": "sha512-b/m5BP2M2s37GkwEMBJV6mnvLsFUUo1pdn13n6x18bPEFFf+zEl5TmeeqYXmUjgkEEugICe+dTvmciteJ+CGcQ==",
            "requires": {
                "spin.js": "^4.1.1"
            }
        },
        "metismenu": {
            "version": "3.0.7",
            "resolved": "https://registry.npmjs.org/metismenu/-/metismenu-3.0.7.tgz",
            "integrity": "sha512-omMwIAahlzssjSi3xY9ijkhXI8qEaQTqBdJ9lHmfV5Bld2UkxO2h2M3yWsteAlGJ/nSHi4e69WHDE2r18Ickyw=="
        },
        "spin.js": {
            "version": "4.1.1",
            "resolved": "https://registry.npmjs.org/spin.js/-/spin.js-4.1.1.tgz",
            "integrity": "sha512-3cjbjZBw8TmZmvzcmlXqArUpefJ1vGgQZ+dh1CdyDyxZZNxNmw+2Dq5jyoP/OCqQP+z78rWgSJX9m3uMuGaxxw=="
        }
    }
}
